// !$*UTF8*$!
{
	archiveVersion = 1;
	classes = {
	};
	objectVersion = 56;
	objects = {

/* Begin PBXBuildFile section */
		E379FFCC2C2D9B55007C265B /* SixthView.swift in Sources */ = {isa = PBXBuildFile; fileRef = E379FFCB2C2D9B55007C265B /* SixthView.swift */; };
		E384B2212C2A5885009C1F4F /* ConocerteApp.swift in Sources */ = {isa = PBXBuildFile; fileRef = E384B2202C2A5885009C1F4F /* ConocerteApp.swift */; };
		E384B2232C2A5885009C1F4F /* ContentView.swift in Sources */ = {isa = PBXBuildFile; fileRef = E384B2222C2A5885009C1F4F /* ContentView.swift */; };
		E384B2252C2A5887009C1F4F /* Assets.xcassets in Resources */ = {isa = PBXBuildFile; fileRef = E384B2242C2A5887009C1F4F /* Assets.xcassets */; };
		E384B2282C2A5887009C1F4F /* Preview Assets.xcassets in Resources */ = {isa = PBXBuildFile; fileRef = E384B2272C2A5887009C1F4F /* Preview Assets.xcassets */; };
		E384B2322C2A5887009C1F4F /* ConocerteTests.swift in Sources */ = {isa = PBXBuildFile; fileRef = E384B2312C2A5887009C1F4F /* ConocerteTests.swift */; };
		E384B23C2C2A5887009C1F4F /* ConocerteUITests.swift in Sources */ = {isa = PBXBuildFile; fileRef = E384B23B2C2A5887009C1F4F /* ConocerteUITests.swift */; };
		E384B23E2C2A5887009C1F4F /* ConocerteUITestsLaunchTests.swift in Sources */ = {isa = PBXBuildFile; fileRef = E384B23D2C2A5887009C1F4F /* ConocerteUITestsLaunchTests.swift */; };
		E3AE81042C2C5A2D00FBEF3E /* SecondView.swift in Sources */ = {isa = PBXBuildFile; fileRef = E3AE81032C2C5A2D00FBEF3E /* SecondView.swift */; };
		E3AE81062C2C5A3600FBEF3E /* ThirdView.swift in Sources */ = {isa = PBXBuildFile; fileRef = E3AE81052C2C5A3600FBEF3E /* ThirdView.swift */; };
		E3AE81082C2C5A4500FBEF3E /* FourthView.swift in Sources */ = {isa = PBXBuildFile; fileRef = E3AE81072C2C5A4500FBEF3E /* FourthView.swift */; };
		E3AE810A2C2C5A5700FBEF3E /* FifthView.swift in Sources */ = {isa = PBXBuildFile; fileRef = E3AE81092C2C5A5700FBEF3E /* FifthView.swift */; };
/* End PBXBuildFile section */

/* Begin PBXContainerItemProxy section */
		E384B22E2C2A5887009C1F4F /* PBXContainerItemProxy */ = {
			isa = PBXContainerItemProxy;
			containerPortal = E384B2152C2A5885009C1F4F /* Project object */;
			proxyType = 1;
			remoteGlobalIDString = E384B21C2C2A5885009C1F4F;
			remoteInfo = Conocerte;
		};
		E384B2382C2A5887009C1F4F /* PBXContainerItemProxy */ = {
			isa = PBXContainerItemProxy;
			containerPortal = E384B2152C2A5885009C1F4F /* Project object */;
			proxyType = 1;
			remoteGlobalIDString = E384B21C2C2A5885009C1F4F;
			remoteInfo = Conocerte;
		};
/* End PBXContainerItemProxy section */

/* Begin PBXFileReference section */
		E379FFCB2C2D9B55007C265B /* SixthView.swift */ = {isa = PBXFileReference; lastKnownFileType = sourcecode.swift; path = SixthView.swift; sourceTree = "<group>"; };
		E384B21D2C2A5885009C1F4F /* Conocerte.app */ = {isa = PBXFileReference; explicitFileType = wrapper.application; includeInIndex = 0; path = Conocerte.app; sourceTree = BUILT_PRODUCTS_DIR; };
		E384B2202C2A5885009C1F4F /* ConocerteApp.swift */ = {isa = PBXFileReference; lastKnownFileType = sourcecode.swift; path = ConocerteApp.swift; sourceTree = "<group>"; };
		E384B2222C2A5885009C1F4F /* ContentView.swift */ = {isa = PBXFileReference; lastKnownFileType = sourcecode.swift; path = ContentView.swift; sourceTree = "<group>"; };
		E384B2242C2A5887009C1F4F /* Assets.xcassets */ = {isa = PBXFileReference; lastKnownFileType = folder.assetcatalog; path = Assets.xcassets; sourceTree = "<group>"; };
		E384B2272C2A5887009C1F4F /* Preview Assets.xcassets */ = {isa = PBXFileReference; lastKnownFileType = folder.assetcatalog; path = "Preview Assets.xcassets"; sourceTree = "<group>"; };
		E384B22D2C2A5887009C1F4F /* ConocerteTests.xctest */ = {isa = PBXFileReference; explicitFileType = wrapper.cfbundle; includeInIndex = 0; path = ConocerteTests.xctest; sourceTree = BUILT_PRODUCTS_DIR; };
		E384B2312C2A5887009C1F4F /* ConocerteTests.swift */ = {isa = PBXFileReference; lastKnownFileType = sourcecode.swift; path = ConocerteTests.swift; sourceTree = "<group>"; };
		E384B2372C2A5887009C1F4F /* ConocerteUITests.xctest */ = {isa = PBXFileReference; explicitFileType = wrapper.cfbundle; includeInIndex = 0; path = ConocerteUITests.xctest; sourceTree = BUILT_PRODUCTS_DIR; };
		E384B23B2C2A5887009C1F4F /* ConocerteUITests.swift */ = {isa = PBXFileReference; lastKnownFileType = sourcecode.swift; path = ConocerteUITests.swift; sourceTree = "<group>"; };
		E384B23D2C2A5887009C1F4F /* ConocerteUITestsLaunchTests.swift */ = {isa = PBXFileReference; lastKnownFileType = sourcecode.swift; path = ConocerteUITestsLaunchTests.swift; sourceTree = "<group>"; };
		E3AE81032C2C5A2D00FBEF3E /* SecondView.swift */ = {isa = PBXFileReference; lastKnownFileType = sourcecode.swift; path = SecondView.swift; sourceTree = "<group>"; };
		E3AE81052C2C5A3600FBEF3E /* ThirdView.swift */ = {isa = PBXFileReference; lastKnownFileType = sourcecode.swift; path = ThirdView.swift; sourceTree = "<group>"; };
		E3AE81072C2C5A4500FBEF3E /* FourthView.swift */ = {isa = PBXFileReference; lastKnownFileType = sourcecode.swift; path = FourthView.swift; sourceTree = "<group>"; };
		E3AE81092C2C5A5700FBEF3E /* FifthView.swift */ = {isa = PBXFileReference; lastKnownFileType = sourcecode.swift; path = FifthView.swift; sourceTree = "<group>"; };
/* End PBXFileReference section */

/* Begin PBXFrameworksBuildPhase section */
		E384B21A2C2A5885009C1F4F /* Frameworks */ = {
			isa = PBXFrameworksBuildPhase;
			buildActionMask = 2147483647;
			files = (
			);
			runOnlyForDeploymentPostprocessing = 0;
		};
		E384B22A2C2A5887009C1F4F /* Frameworks */ = {
			isa = PBXFrameworksBuildPhase;
			buildActionMask = 2147483647;
			files = (
			);
			runOnlyForDeploymentPostprocessing = 0;
		};
		E384B2342C2A5887009C1F4F /* Frameworks */ = {
			isa = PBXFrameworksBuildPhase;
			buildActionMask = 2147483647;
			files = (
			);
			runOnlyForDeploymentPostprocessing = 0;
		};
/* End PBXFrameworksBuildPhase section */

/* Begin PBXGroup section */
		E384B2142C2A5885009C1F4F = {
			isa = PBXGroup;
			children = (
				E384B21F2C2A5885009C1F4F /* Conocerte */,
				E384B2302C2A5887009C1F4F /* ConocerteTests */,
				E384B23A2C2A5887009C1F4F /* ConocerteUITests */,
				E384B21E2C2A5885009C1F4F /* Products */,
			);
			sourceTree = "<group>";
		};
		E384B21E2C2A5885009C1F4F /* Products */ = {
			isa = PBXGroup;
			children = (
				E384B21D2C2A5885009C1F4F /* Conocerte.app */,
				E384B22D2C2A5887009C1F4F /* ConocerteTests.xctest */,
				E384B2372C2A5887009C1F4F /* ConocerteUITests.xctest */,
			);
			name = Products;
			sourceTree = "<group>";
		};
		E384B21F2C2A5885009C1F4F /* Conocerte */ = {
			isa = PBXGroup;
			children = (
				E384B2202C2A5885009C1F4F /* ConocerteApp.swift */,
				E384B2222C2A5885009C1F4F /* ContentView.swift */,
				E3AE81032C2C5A2D00FBEF3E /* SecondView.swift */,
				E3AE81052C2C5A3600FBEF3E /* ThirdView.swift */,
				E3AE81072C2C5A4500FBEF3E /* FourthView.swift */,
				E3AE81092C2C5A5700FBEF3E /* FifthView.swift */,
				E379FFCB2C2D9B55007C265B /* SixthView.swift */,
				E384B2242C2A5887009C1F4F /* Assets.xcassets */,
				E384B2262C2A5887009C1F4F /* Preview Content */,
			);
			path = Conocerte;
			sourceTree = "<group>";
		};
		E384B2262C2A5887009C1F4F /* Preview Content */ = {
			isa = PBXGroup;
			children = (
				E384B2272C2A5887009C1F4F /* Preview Assets.xcassets */,
			);
			path = "Preview Content";
			sourceTree = "<group>";
		};
		E384B2302C2A5887009C1F4F /* ConocerteTests */ = {
			isa = PBXGroup;
			children = (
				E384B2312C2A5887009C1F4F /* ConocerteTests.swift */,
			);
			path = ConocerteTests;
			sourceTree = "<group>";
		};
		E384B23A2C2A5887009C1F4F /* ConocerteUITests */ = {
			isa = PBXGroup;
			children = (
				E384B23B2C2A5887009C1F4F /* ConocerteUITests.swift */,
				E384B23D2C2A5887009C1F4F /* ConocerteUITestsLaunchTests.swift */,
			);
			path = ConocerteUITests;
			sourceTree = "<group>";
		};
/* End PBXGroup section */

/* Begin PBXNativeTarget section */
		E384B21C2C2A5885009C1F4F /* Conocerte */ = {
			isa = PBXNativeTarget;
			buildConfigurationList = E384B2412C2A5887009C1F4F /* Build configuration list for PBXNativeTarget "Conocerte" */;
			buildPhases = (
				E384B2192C2A5885009C1F4F /* Sources */,
				E384B21A2C2A5885009C1F4F /* Frameworks */,
				E384B21B2C2A5885009C1F4F /* Resources */,
			);
			buildRules = (
			);
			dependencies = (
			);
			name = Conocerte;
			productName = Conocerte;
			productReference = E384B21D2C2A5885009C1F4F /* Conocerte.app */;
			productType = "com.apple.product-type.application";
		};
		E384B22C2C2A5887009C1F4F /* ConocerteTests */ = {
			isa = PBXNativeTarget;
			buildConfigurationList = E384B2442C2A5887009C1F4F /* Build configuration list for PBXNativeTarget "ConocerteTests" */;
			buildPhases = (
				E384B2292C2A5887009C1F4F /* Sources */,
				E384B22A2C2A5887009C1F4F /* Frameworks */,
				E384B22B2C2A5887009C1F4F /* Resources */,
			);
			buildRules = (
			);
			dependencies = (
				E384B22F2C2A5887009C1F4F /* PBXTargetDependency */,
			);
			name = ConocerteTests;
			productName = ConocerteTests;
			productReference = E384B22D2C2A5887009C1F4F /* ConocerteTests.xctest */;
			productType = "com.apple.product-type.bundle.unit-test";
		};
		E384B2362C2A5887009C1F4F /* ConocerteUITests */ = {
			isa = PBXNativeTarget;
			buildConfigurationList = E384B2472C2A5887009C1F4F /* Build configuration list for PBXNativeTarget "ConocerteUITests" */;
			buildPhases = (
				E384B2332C2A5887009C1F4F /* Sources */,
				E384B2342C2A5887009C1F4F /* Frameworks */,
				E384B2352C2A5887009C1F4F /* Resources */,
			);
			buildRules = (
			);
			dependencies = (
				E384B2392C2A5887009C1F4F /* PBXTargetDependency */,
			);
			name = ConocerteUITests;
			productName = ConocerteUITests;
			productReference = E384B2372C2A5887009C1F4F /* ConocerteUITests.xctest */;
			productType = "com.apple.product-type.bundle.ui-testing";
		};
/* End PBXNativeTarget section */

/* Begin PBXProject section */
		E384B2152C2A5885009C1F4F /* Project object */ = {
			isa = PBXProject;
			attributes = {
				BuildIndependentTargetsInParallel = 1;
				LastSwiftUpdateCheck = 1540;
				LastUpgradeCheck = 1540;
				TargetAttributes = {
					E384B21C2C2A5885009C1F4F = {
						CreatedOnToolsVersion = 15.4;
					};
					E384B22C2C2A5887009C1F4F = {
						CreatedOnToolsVersion = 15.4;
						TestTargetID = E384B21C2C2A5885009C1F4F;
					};
					E384B2362C2A5887009C1F4F = {
						CreatedOnToolsVersion = 15.4;
						TestTargetID = E384B21C2C2A5885009C1F4F;
					};
				};
			};
			buildConfigurationList = E384B2182C2A5885009C1F4F /* Build configuration list for PBXProject "Conocerte" */;
			compatibilityVersion = "Xcode 14.0";
			developmentRegion = en;
			hasScannedForEncodings = 0;
			knownRegions = (
				en,
				Base,
			);
			mainGroup = E384B2142C2A5885009C1F4F;
			productRefGroup = E384B21E2C2A5885009C1F4F /* Products */;
			projectDirPath = "";
			projectRoot = "";
			targets = (
				E384B21C2C2A5885009C1F4F /* Conocerte */,
				E384B22C2C2A5887009C1F4F /* ConocerteTests */,
				E384B2362C2A5887009C1F4F /* ConocerteUITests */,
			);
		};
/* End PBXProject section */

/* Begin PBXResourcesBuildPhase section */
		E384B21B2C2A5885009C1F4F /* Resources */ = {
			isa = PBXResourcesBuildPhase;
			buildActionMask = 2147483647;
			files = (
				E384B2282C2A5887009C1F4F /* Preview Assets.xcassets in Resources */,
				E384B2252C2A5887009C1F4F /* Assets.xcassets in Resources */,
			);
			runOnlyForDeploymentPostprocessing = 0;
		};
		E384B22B2C2A5887009C1F4F /* Resources */ = {
			isa = PBXResourcesBuildPhase;
			buildActionMask = 2147483647;
			files = (
			);
			runOnlyForDeploymentPostprocessing = 0;
		};
		E384B2352C2A5887009C1F4F /* Resources */ = {
			isa = PBXResourcesBuildPhase;
			buildActionMask = 2147483647;
			files = (
			);
			runOnlyForDeploymentPostprocessing = 0;
		};
/* End PBXResourcesBuildPhase section */

/* Begin PBXSourcesBuildPhase section */
		E384B2192C2A5885009C1F4F /* Sources */ = {
			isa = PBXSourcesBuildPhase;
			buildActionMask = 2147483647;
			files = (
				E3AE81062C2C5A3600FBEF3E /* ThirdView.swift in Sources */,
				E3AE81042C2C5A2D00FBEF3E /* SecondView.swift in Sources */,
				E384B2232C2A5885009C1F4F /* ContentView.swift in Sources */,
				E384B2212C2A5885009C1F4F /* ConocerteApp.swift in Sources */,
				E379FFCC2C2D9B55007C265B /* SixthView.swift in Sources */,
				E3AE810A2C2C5A5700FBEF3E /* FifthView.swift in Sources */,
				E3AE81082C2C5A4500FBEF3E /* FourthView.swift in Sources */,
			);
			runOnlyForDeploymentPostprocessing = 0;
		};
		E384B2292C2A5887009C1F4F /* Sources */ = {
			isa = PBXSourcesBuildPhase;
			buildActionMask = 2147483647;
			files = (
				E384B2322C2A5887009C1F4F /* ConocerteTests.swift in Sources */,
			);
			runOnlyForDeploymentPostprocessing = 0;
		};
		E384B2332C2A5887009C1F4F /* Sources */ = {
			isa = PBXSourcesBuildPhase;
			buildActionMask = 2147483647;
			files = (
				E384B23C2C2A5887009C1F4F /* ConocerteUITests.swift in Sources */,
				E384B23E2C2A5887009C1F4F /* ConocerteUITestsLaunchTests.swift in Sources */,
			);
			runOnlyForDeploymentPostprocessing = 0;
		};
/* End PBXSourcesBuildPhase section */

/* Begin PBXTargetDependency section */
		E384B22F2C2A5887009C1F4F /* PBXTargetDependency */ = {
			isa = PBXTargetDependency;
			target = E384B21C2C2A5885009C1F4F /* Conocerte */;
			targetProxy = E384B22E2C2A5887009C1F4F /* PBXContainerItemProxy */;
		};
		E384B2392C2A5887009C1F4F /* PBXTargetDependency */ = {
			isa = PBXTargetDependency;
			target = E384B21C2C2A5885009C1F4F /* Conocerte */;
			targetProxy = E384B2382C2A5887009C1F4F /* PBXContainerItemProxy */;
		};
/* End PBXTargetDependency section */

/* Begin XCBuildConfiguration section */
		E384B23F2C2A5887009C1F4F /* Debug */ = {
			isa = XCBuildConfiguration;
			buildSettings = {
				ALWAYS_SEARCH_USER_PATHS = NO;
				ASSETCATALOG_COMPILER_GENERATE_SWIFT_ASSET_SYMBOL_EXTENSIONS = YES;
				CLANG_ANALYZER_NONNULL = YES;
				CLANG_ANALYZER_NUMBER_OBJECT_CONVERSION = YES_AGGRESSIVE;
				CLANG_CXX_LANGUAGE_STANDARD = "gnu++20";
				CLANG_ENABLE_MODULES = YES;
				CLANG_ENABLE_OBJC_ARC = YES;
				CLANG_ENABLE_OBJC_WEAK = YES;
				CLANG_WARN_BLOCK_CAPTURE_AUTORELEASING = YES;
				CLANG_WARN_BOOL_CONVERSION = YES;
				CLANG_WARN_COMMA = YES;
				CLANG_WARN_CONSTANT_CONVERSION = YES;
				CLANG_WARN_DEPRECATED_OBJC_IMPLEMENTATIONS = YES;
				CLANG_WARN_DIRECT_OBJC_ISA_USAGE = YES_ERROR;
				CLANG_WARN_DOCUMENTATION_COMMENTS = YES;
				CLANG_WARN_EMPTY_BODY = YES;
				CLANG_WARN_ENUM_CONVERSION = YES;
				CLANG_WARN_INFINITE_RECURSION = YES;
				CLANG_WARN_INT_CONVERSION = YES;
				CLANG_WARN_NON_LITERAL_NULL_CONVERSION = YES;
				CLANG_WARN_OBJC_IMPLICIT_RETAIN_SELF = YES;
				CLANG_WARN_OBJC_LITERAL_CONVERSION = YES;
				CLANG_WARN_OBJC_ROOT_CLASS = YES_ERROR;
				CLANG_WARN_QUOTED_INCLUDE_IN_FRAMEWORK_HEADER = YES;
				CLANG_WARN_RANGE_LOOP_ANALYSIS = YES;
				CLANG_WARN_STRICT_PROTOTYPES = YES;
				CLANG_WARN_SUSPICIOUS_MOVE = YES;
				CLANG_WARN_UNGUARDED_AVAILABILITY = YES_AGGRESSIVE;
				CLANG_WARN_UNREACHABLE_CODE = YES;
				CLANG_WARN__DUPLICATE_METHOD_MATCH = YES;
				COPY_PHASE_STRIP = NO;
				DEBUG_INFORMATION_FORMAT = dwarf;
				ENABLE_STRICT_OBJC_MSGSEND = YES;
				ENABLE_TESTABILITY = YES;
				ENABLE_USER_SCRIPT_SANDBOXING = YES;
				GCC_C_LANGUAGE_STANDARD = gnu17;
				GCC_DYNAMIC_NO_PIC = NO;
				GCC_NO_COMMON_BLOCKS = YES;
				GCC_OPTIMIZATION_LEVEL = 0;
				GCC_PREPROCESSOR_DEFINITIONS = (
					"DEBUG=1",
					"$(inherited)",
				);
				GCC_WARN_64_TO_32_BIT_CONVERSION = YES;
				GCC_WARN_ABOUT_RETURN_TYPE = YES_ERROR;
				GCC_WARN_UNDECLARED_SELECTOR = YES;
				GCC_WARN_UNINITIALIZED_AUTOS = YES_AGGRESSIVE;
				GCC_WARN_UNUSED_FUNCTION = YES;
				GCC_WARN_UNUSED_VARIABLE = YES;
				IPHONEOS_DEPLOYMENT_TARGET = 17.5;
				LOCALIZATION_PREFERS_STRING_CATALOGS = YES;
				MTL_ENABLE_DEBUG_INFO = INCLUDE_SOURCE;
				MTL_FAST_MATH = YES;
				ONLY_ACTIVE_ARCH = YES;
				SDKROOT = iphoneos;
				SWIFT_ACTIVE_COMPILATION_CONDITIONS = "DEBUG $(inherited)";
				SWIFT_OPTIMIZATION_LEVEL = "-Onone";
			};
			name = Debug;
		};
		E384B2402C2A5887009C1F4F /* Release */ = {
			isa = XCBuildConfiguration;
			buildSettings = {
				ALWAYS_SEARCH_USER_PATHS = NO;
				ASSETCATALOG_COMPILER_GENERATE_SWIFT_ASSET_SYMBOL_EXTENSIONS = YES;
				CLANG_ANALYZER_NONNULL = YES;
				CLANG_ANALYZER_NUMBER_OBJECT_CONVERSION = YES_AGGRESSIVE;
				CLANG_CXX_LANGUAGE_STANDARD = "gnu++20";
				CLANG_ENABLE_MODULES = YES;
				CLANG_ENABLE_OBJC_ARC = YES;
				CLANG_ENABLE_OBJC_WEAK = YES;
				CLANG_WARN_BLOCK_CAPTURE_AUTORELEASING = YES;
				CLANG_WARN_BOOL_CONVERSION = YES;
				CLANG_WARN_COMMA = YES;
				CLANG_WARN_CONSTANT_CONVERSION = YES;
				CLANG_WARN_DEPRECATED_OBJC_IMPLEMENTATIONS = YES;
				CLANG_WARN_DIRECT_OBJC_ISA_USAGE = YES_ERROR;
				CLANG_WARN_DOCUMENTATION_COMMENTS = YES;
				CLANG_WARN_EMPTY_BODY = YES;
				CLANG_WARN_ENUM_CONVERSION = YES;
				CLANG_WARN_INFINITE_RECURSION = YES;
				CLANG_WARN_INT_CONVERSION = YES;
				CLANG_WARN_NON_LITERAL_NULL_CONVERSION = YES;
				CLANG_WARN_OBJC_IMPLICIT_RETAIN_SELF = YES;
				CLANG_WARN_OBJC_LITERAL_CONVERSION = YES;
				CLANG_WARN_OBJC_ROOT_CLASS = YES_ERROR;
				CLANG_WARN_QUOTED_INCLUDE_IN_FRAMEWORK_HEADER = YES;
				CLANG_WARN_RANGE_LOOP_ANALYSIS = YES;
				CLANG_WARN_STRICT_PROTOTYPES = YES;
				CLANG_WARN_SUSPICIOUS_MOVE = YES;
				CLANG_WARN_UNGUARDED_AVAILABILITY = YES_AGGRESSIVE;
				CLANG_WARN_UNREACHABLE_CODE = YES;
				CLANG_WARN__DUPLICATE_METHOD_MATCH = YES;
				COPY_PHASE_STRIP = NO;
				DEBUG_INFORMATION_FORMAT = "dwarf-with-dsym";
				ENABLE_NS_ASSERTIONS = NO;
				ENABLE_STRICT_OBJC_MSGSEND = YES;
				ENABLE_USER_SCRIPT_SANDBOXING = YES;
				GCC_C_LANGUAGE_STANDARD = gnu17;
				GCC_NO_COMMON_BLOCKS = YES;
				GCC_WARN_64_TO_32_BIT_CONVERSION = YES;
				GCC_WARN_ABOUT_RETURN_TYPE = YES_ERROR;
				GCC_WARN_UNDECLARED_SELECTOR = YES;
				GCC_WARN_UNINITIALIZED_AUTOS = YES_AGGRESSIVE;
				GCC_WARN_UNUSED_FUNCTION = YES;
				GCC_WARN_UNUSED_VARIABLE = YES;
				IPHONEOS_DEPLOYMENT_TARGET = 17.5;
				LOCALIZATION_PREFERS_STRING_CATALOGS = YES;
				MTL_ENABLE_DEBUG_INFO = NO;
				MTL_FAST_MATH = YES;
				SDKROOT = iphoneos;
				SWIFT_COMPILATION_MODE = wholemodule;
				VALIDATE_PRODUCT = YES;
			};
			name = Release;
		};
		E384B2422C2A5887009C1F4F /* Debug */ = {
			isa = XCBuildConfiguration;
			buildSettings = {
				ASSETCATALOG_COMPILER_APPICON_NAME = AppIcon;
				ASSETCATALOG_COMPILER_GLOBAL_ACCENT_COLOR_NAME = AccentColor;
				CODE_SIGN_STYLE = Automatic;
				CURRENT_PROJECT_VERSION = 1;
				DEVELOPMENT_ASSET_PATHS = "\"Conocerte/Preview Content\"";
				ENABLE_PREVIEWS = YES;
				GENERATE_INFOPLIST_FILE = YES;
				INFOPLIST_KEY_UIApplicationSceneManifest_Generation = YES;
				INFOPLIST_KEY_UIApplicationSupportsIndirectInputEvents = YES;
				INFOPLIST_KEY_UILaunchScreen_Generation = YES;
				INFOPLIST_KEY_UISupportedInterfaceOrientations_iPad = "UIInterfaceOrientationPortrait UIInterfaceOrientationPortraitUpsideDown UIInterfaceOrientationLandscapeLeft UIInterfaceOrientationLandscapeRight";
				INFOPLIST_KEY_UISupportedInterfaceOrientations_iPhone = "UIInterfaceOrientationPortrait UIInterfaceOrientationLandscapeLeft UIInterfaceOrientationLandscapeRight";
				LD_RUNPATH_SEARCH_PATHS = (
					"$(inherited)",
					"@executable_path/Frameworks",
				);
				MARKETING_VERSION = 1.0;
				PRODUCT_BUNDLE_IDENTIFIER = kwk.Conocerte;
				PRODUCT_NAME = "$(TARGET_NAME)";
				SWIFT_EMIT_LOC_STRINGS = YES;
				SWIFT_VERSION = 5.0;
				TARGETED_DEVICE_FAMILY = "1,2";
			};
			name = Debug;
		};
		E384B2432C2A5887009C1F4F /* Release */ = {
			isa = XCBuildConfiguration;
			buildSettings = {
				ASSETCATALOG_COMPILER_APPICON_NAME = AppIcon;
				ASSETCATALOG_COMPILER_GLOBAL_ACCENT_COLOR_NAME = AccentColor;
				CODE_SIGN_STYLE = Automatic;
				CURRENT_PROJECT_VERSION = 1;
				DEVELOPMENT_ASSET_PATHS = "\"Conocerte/Preview Content\"";
				ENABLE_PREVIEWS = YES;
				GENERATE_INFOPLIST_FILE = YES;
				INFOPLIST_KEY_UIApplicationSceneManifest_Generation = YES;
				INFOPLIST_KEY_UIApplicationSupportsIndirectInputEvents = YES;
				INFOPLIST_KEY_UILaunchScreen_Generation = YES;
				INFOPLIST_KEY_UISupportedInterfaceOrientations_iPad = "UIInterfaceOrientationPortrait UIInterfaceOrientationPortraitUpsideDown UIInterfaceOrientationLandscapeLeft UIInterfaceOrientationLandscapeRight";
				INFOPLIST_KEY_UISupportedInterfaceOrientations_iPhone = "UIInterfaceOrientationPortrait UIInterfaceOrientationLandscapeLeft UIInterfaceOrientationLandscapeRight";
				LD_RUNPATH_SEARCH_PATHS = (
					"$(inherited)",
					"@executable_path/Frameworks",
				);
				MARKETING_VERSION = 1.0;
				PRODUCT_BUNDLE_IDENTIFIER = kwk.Conocerte;
				PRODUCT_NAME = "$(TARGET_NAME)";
				SWIFT_EMIT_LOC_STRINGS = YES;
				SWIFT_VERSION = 5.0;
				TARGETED_DEVICE_FAMILY = "1,2";
			};
			name = Release;
		};
		E384B2452C2A5887009C1F4F /* Debug */ = {
			isa = XCBuildConfiguration;
			buildSettings = {
				ALWAYS_EMBED_SWIFT_STANDARD_LIBRARIES = YES;
				BUNDLE_LOADER = "$(TEST_HOST)";
				CODE_SIGN_STYLE = Automatic;
				CURRENT_PROJECT_VERSION = 1;
				GENERATE_INFOPLIST_FILE = YES;
				IPHONEOS_DEPLOYMENT_TARGET = 17.5;
				MARKETING_VERSION = 1.0;
				PRODUCT_BUNDLE_IDENTIFIER = kwk.ConocerteTests;
				PRODUCT_NAME = "$(TARGET_NAME)";
				SWIFT_EMIT_LOC_STRINGS = NO;
				SWIFT_VERSION = 5.0;
				TARGETED_DEVICE_FAMILY = "1,2";
				TEST_HOST = "$(BUILT_PRODUCTS_DIR)/Conocerte.app/$(BUNDLE_EXECUTABLE_FOLDER_PATH)/Conocerte";
			};
			name = Debug;
		};
		E384B2462C2A5887009C1F4F /* Release */ = {
			isa = XCBuildConfiguration;
			buildSettings = {
				ALWAYS_EMBED_SWIFT_STANDARD_LIBRARIES = YES;
				BUNDLE_LOADER = "$(TEST_HOST)";
				CODE_SIGN_STYLE = Automatic;
				CURRENT_PROJECT_VERSION = 1;
				GENERATE_INFOPLIST_FILE = YES;
				IPHONEOS_DEPLOYMENT_TARGET = 17.5;
				MARKETING_VERSION = 1.0;
				PRODUCT_BUNDLE_IDENTIFIER = kwk.ConocerteTests;
				PRODUCT_NAME = "$(TARGET_NAME)";
				SWIFT_EMIT_LOC_STRINGS = NO;
				SWIFT_VERSION = 5.0;
				TARGETED_DEVICE_FAMILY = "1,2";
				TEST_HOST = "$(BUILT_PRODUCTS_DIR)/Conocerte.app/$(BUNDLE_EXECUTABLE_FOLDER_PATH)/Conocerte";
			};
			name = Release;
		};
		E384B2482C2A5887009C1F4F /* Debug */ = {
			isa = XCBuildConfiguration;
			buildSettings = {
				ALWAYS_EMBED_SWIFT_STANDARD_LIBRARIES = YES;
				CODE_SIGN_STYLE = Automatic;
				CURRENT_PROJECT_VERSION = 1;
				GENERATE_INFOPLIST_FILE = YES;
				MARKETING_VERSION = 1.0;
				PRODUCT_BUNDLE_IDENTIFIER = kwk.ConocerteUITests;
				PRODUCT_NAME = "$(TARGET_NAME)";
				SWIFT_EMIT_LOC_STRINGS = NO;
				SWIFT_VERSION = 5.0;
				TARGETED_DEVICE_FAMILY = "1,2";
				TEST_TARGET_NAME = Conocerte;
			};
			name = Debug;
		};
		E384B2492C2A5887009C1F4F /* Release */ = {
			isa = XCBuildConfiguration;
			buildSettings = {
				ALWAYS_EMBED_SWIFT_STANDARD_LIBRARIES = YES;
				CODE_SIGN_STYLE = Automatic;
				CURRENT_PROJECT_VERSION = 1;
				GENERATE_INFOPLIST_FILE = YES;
				MARKETING_VERSION = 1.0;
				PRODUCT_BUNDLE_IDENTIFIER = kwk.ConocerteUITests;
				PRODUCT_NAME = "$(TARGET_NAME)";
				SWIFT_EMIT_LOC_STRINGS = NO;
				SWIFT_VERSION = 5.0;
				TARGETED_DEVICE_FAMILY = "1,2";
				TEST_TARGET_NAME = Conocerte;
			};
			name = Release;
		};
/* End XCBuildConfiguration section */

/* Begin XCConfigurationList section */
		E384B2182C2A5885009C1F4F /* Build configuration list for PBXProject "Conocerte" */ = {
			isa = XCConfigurationList;
			buildConfigurations = (
				E384B23F2C2A5887009C1F4F /* Debug */,
				E384B2402C2A5887009C1F4F /* Release */,
			);
			defaultConfigurationIsVisible = 0;
			defaultConfigurationName = Release;
		};
		E384B2412C2A5887009C1F4F /* Build configuration list for PBXNativeTarget "Conocerte" */ = {
			isa = XCConfigurationList;
			buildConfigurations = (
				E384B2422C2A5887009C1F4F /* Debug */,
				E384B2432C2A5887009C1F4F /* Release */,
			);
			defaultConfigurationIsVisible = 0;
			defaultConfigurationName = Release;
		};
		E384B2442C2A5887009C1F4F /* Build configuration list for PBXNativeTarget "ConocerteTests" */ = {
			isa = XCConfigurationList;
			buildConfigurations = (
				E384B2452C2A5887009C1F4F /* Debug */,
				E384B2462C2A5887009C1F4F /* Release */,
			);
			defaultConfigurationIsVisible = 0;
			defaultConfigurationName = Release;
		};
		E384B2472C2A5887009C1F4F /* Build configuration list for PBXNativeTarget "ConocerteUITests" */ = {
			isa = XCConfigurationList;
			buildConfigurations = (
				E384B2482C2A5887009C1F4F /* Debug */,
				E384B2492C2A5887009C1F4F /* Release */,
			);
			defaultConfigurationIsVisible = 0;
			defaultConfigurationName = Release;
		};
/* End XCConfigurationList section */
	};
	rootObject = E384B2152C2A5885009C1F4F /* Project object */;
}
